
Microsoft Visual Studio Solution File, Format Version 12.00
# Visual Studio 15
VisualStudioVersion = 15.0.27130.2010
MinimumVisualStudioVersion = 10.0.40219.1
Project("{FAE04EC0-301F-11D3-BF4B-00C04F79EFBC}") = "Masonic.Blue.Admin", "Masonic.Blue.Admin\Masonic.Blue.Admin.csproj", "{9042D294-96CE-452D-A054-3E47D4DDAA34}"
EndProject
Global
	GlobalSection(SolutionConfigurationPlatforms) = preSolution
		Debug|Any CPU = Debug|Any CPU
		Release|Any CPU = Release|Any CPU
	EndGlobalSection
	GlobalSection(ProjectConfigurationPlatforms) = postSolution
		{9042D294-96CE-452D-A054-3E47D4DDAA34}.Debug|Any CPU.ActiveCfg = Debug|Any CPU
		{9042D294-96CE-452D-A054-3E47D4DDAA34}.Debug|Any CPU.Build.0 = Debug|Any CPU
		{9042D294-96CE-452D-A054-3E47D4DDAA34}.Release|Any CPU.ActiveCfg = Release|Any CPU
		{9042D294-96CE-452D-A054-3E47D4DDAA34}.Release|Any CPU.Build.0 = Release|Any CPU
	EndGlobalSection
	GlobalSection(SolutionProperties) = preSolution
		HideSolutionNode = FALSE
	EndGlobalSection
	GlobalSection(ExtensibilityGlobals) = postSolution
		SolutionGuid = {414071A9-77B2-4645-AF7E-ADD973CB7F54}
	EndGlobalSection
EndGlobal
